
Microsoft Visual Studio Solution File, Format Version 12.00
# Visual Studio Version 16
VisualStudioVersion = 16.0.30517.126
MinimumVisualStudioVersion = 10.0.40219.1
Project("{FAE04EC0-301F-11D3-BF4B-00C04F79EFBC}") = "DataConnector", "DataConnector\DataConnector.csproj", "{0A4DCCBE-B3C2-4712-BB62-FD636AE579A5}"
EndProject
Global
	GlobalSection(SolutionConfigurationPlatforms) = preSolution
		Debug|Any CPU = Debug|Any CPU
		Release|Any CPU = Release|Any CPU
	EndGlobalSection
	GlobalSection(ProjectConfigurationPlatforms) = postSolution
		{0A4DCCBE-B3C2-4712-BB62-FD636AE579A5}.Debug|Any CPU.ActiveCfg = Debug|Any CPU
		{0A4DCCBE-B3C2-4712-BB62-FD636AE579A5}.Debug|Any CPU.Build.0 = Debug|Any CPU
		{0A4DCCBE-B3C2-4712-BB62-FD636AE579A5}.Release|Any CPU.ActiveCfg = Release|Any CPU
		{0A4DCCBE-B3C2-4712-BB62-FD636AE579A5}.Release|Any CPU.Build.0 = Release|Any CPU
	EndGlobalSection
	GlobalSection(SolutionProperties) = preSolution
		HideSolutionNode = FALSE
	EndGlobalSection
	GlobalSection(ExtensibilityGlobals) = postSolution
		SolutionGuid = {F5EE661E-63AE-4F2A-BBFE-3F90152A6317}
	EndGlobalSection
EndGlobal
